
Microsoft Visual Studio Solution File, Format Version 12.00
Project("{FAE04EC0-301F-11D3-BF4B-00C04F79EFBC}") = "Client", "Client\Client.csproj", "{892FF3BB-1CC9-47C3-BA0D-52B4BE50D5A6}"
EndProject
Project("{FAE04EC0-301F-11D3-BF4B-00C04F79EFBC}") = "Playground", "Playground\Playground.csproj", "{4D5C507F-826A-4B7D-ACDE-76F96B20EB7D}"
EndProject
Project("{FAE04EC0-301F-11D3-BF4B-00C04F79EFBC}") = "Test", "Test\Test.csproj", "{0C8746A4-F2D0-46BD-8E20-155C7F4A9412}"
EndProject
Global
	GlobalSection(SolutionConfigurationPlatforms) = preSolution
		Debug|Any CPU = Debug|Any CPU
		Release|Any CPU = Release|Any CPU
	EndGlobalSection
	GlobalSection(ProjectConfigurationPlatforms) = postSolution
		{892FF3BB-1CC9-47C3-BA0D-52B4BE50D5A6}.Debug|Any CPU.ActiveCfg = Debug|Any CPU
		{892FF3BB-1CC9-47C3-BA0D-52B4BE50D5A6}.Debug|Any CPU.Build.0 = Debug|Any CPU
		{892FF3BB-1CC9-47C3-BA0D-52B4BE50D5A6}.Release|Any CPU.ActiveCfg = Release|Any CPU
		{892FF3BB-1CC9-47C3-BA0D-52B4BE50D5A6}.Release|Any CPU.Build.0 = Release|Any CPU
		{4D5C507F-826A-4B7D-ACDE-76F96B20EB7D}.Debug|Any CPU.ActiveCfg = Debug|Any CPU
		{4D5C507F-826A-4B7D-ACDE-76F96B20EB7D}.Debug|Any CPU.Build.0 = Debug|Any CPU
		{4D5C507F-826A-4B7D-ACDE-76F96B20EB7D}.Release|Any CPU.ActiveCfg = Release|Any CPU
		{4D5C507F-826A-4B7D-ACDE-76F96B20EB7D}.Release|Any CPU.Build.0 = Release|Any CPU
		{0C8746A4-F2D0-46BD-8E20-155C7F4A9412}.Debug|Any CPU.ActiveCfg = Debug|Any CPU
		{0C8746A4-F2D0-46BD-8E20-155C7F4A9412}.Debug|Any CPU.Build.0 = Debug|Any CPU
		{0C8746A4-F2D0-46BD-8E20-155C7F4A9412}.Release|Any CPU.ActiveCfg = Release|Any CPU
		{0C8746A4-F2D0-46BD-8E20-155C7F4A9412}.Release|Any CPU.Build.0 = Release|Any CPU
	EndGlobalSection
EndGlobal
